
Microsoft Visual Studio Solution File, Format Version 12.00
# Visual Studio Version 17
VisualStudioVersion = 17.2.32526.322
MinimumVisualStudioVersion = 10.0.40219.1
Project("{FAE04EC0-301F-11D3-BF4B-00C04F79EFBC}") = "AIProject3", "AIProject3\AIProject3.csproj", "{AD6BE13B-F014-4594-9553-B757DE3AEC4E}"
EndProject
Global
	GlobalSection(SolutionConfigurationPlatforms) = preSolution
		Debug|Any CPU = Debug|Any CPU
		Release|Any CPU = Release|Any CPU
	EndGlobalSection
	GlobalSection(ProjectConfigurationPlatforms) = postSolution
		{AD6BE13B-F014-4594-9553-B757DE3AEC4E}.Debug|Any CPU.ActiveCfg = Debug|Any CPU
		{AD6BE13B-F014-4594-9553-B757DE3AEC4E}.Debug|Any CPU.Build.0 = Debug|Any CPU
		{AD6BE13B-F014-4594-9553-B757DE3AEC4E}.Release|Any CPU.ActiveCfg = Release|Any CPU
		{AD6BE13B-F014-4594-9553-B757DE3AEC4E}.Release|Any CPU.Build.0 = Release|Any CPU
	EndGlobalSection
	GlobalSection(SolutionProperties) = preSolution
		HideSolutionNode = FALSE
	EndGlobalSection
	GlobalSection(ExtensibilityGlobals) = postSolution
		SolutionGuid = {9E414390-F144-4A94-A9FF-3F1C17BBFC1B}
	EndGlobalSection
EndGlobal
